# This file is autogenerated, do not edit; changes may be undone by the next 'dep ensure'.


[[projects]]
  branch = "master"
  name = "github.com/yosssi/gohtml"
  packages = ["."]
  revision = "0cb98725f71a637e7bb967a8e87a1bab7ebaa6b0"

[[projects]]
  branch = "master"
  name = "golang.org/x/net"
  packages = [
    "html",
    "html/atom"
  ]
  revision = "42fe2e1c20de1054d3d30f82cc9fb5b41e2e3767"

[solve-meta]
  analyzer-name = "dep"
  analyzer-version = 1
  inputs-digest = "e8aea79d95473fde2c4c8acac3d4655e1ac5673c1afafdc01dffecbc0fb88879"
  solver-name = "gps-cdcl"
  solver-version = 1
